
Microsoft Visual Studio Solution File, Format Version 12.00
# Visual Studio Version 17
VisualStudioVersion = 17.2.32616.157
MinimumVisualStudioVersion = 10.0.40219.1
Project("{9A19103F-16F7-4668-BE54-9A1E7A4F7556}") = "C_Ejercicio1_SergioGonzalezMerino", "C_Ejercicio1_SergioGonzalezMerino.csproj", "{B3FD6827-8F58-4C95-A008-E4CBE9DF7EF3}"
EndProject
Project("{FAE04EC0-301F-11D3-BF4B-00C04F79EFBC}") = "C_Ejercicio2_SergioGonzalezMerino", "..\C_Ejercicio2_SergioGonzalezMerino\C_Ejercicio2_SergioGonzalezMerino.csproj", "{92F43163-585F-4C15-87EE-CEF4463F9298}"
EndProject
Project("{FAE04EC0-301F-11D3-BF4B-00C04F79EFBC}") = "C_Ejercicio3_SergioGonzalezMerino", "..\C_Ejercicio3_SergioGonzalezMerino\C_Ejercicio3_SergioGonzalezMerino.csproj", "{60B40A8C-4E90-49CA-906C-020951D32386}"
EndProject
Global
	GlobalSection(SolutionConfigurationPlatforms) = preSolution
		Debug|Any CPU = Debug|Any CPU
		Release|Any CPU = Release|Any CPU
	EndGlobalSection
	GlobalSection(ProjectConfigurationPlatforms) = postSolution
		{B3FD6827-8F58-4C95-A008-E4CBE9DF7EF3}.Debug|Any CPU.ActiveCfg = Debug|Any CPU
		{B3FD6827-8F58-4C95-A008-E4CBE9DF7EF3}.Debug|Any CPU.Build.0 = Debug|Any CPU
		{B3FD6827-8F58-4C95-A008-E4CBE9DF7EF3}.Release|Any CPU.ActiveCfg = Release|Any CPU
		{B3FD6827-8F58-4C95-A008-E4CBE9DF7EF3}.Release|Any CPU.Build.0 = Release|Any CPU
		{92F43163-585F-4C15-87EE-CEF4463F9298}.Debug|Any CPU.ActiveCfg = Debug|Any CPU
		{92F43163-585F-4C15-87EE-CEF4463F9298}.Debug|Any CPU.Build.0 = Debug|Any CPU
		{92F43163-585F-4C15-87EE-CEF4463F9298}.Release|Any CPU.ActiveCfg = Release|Any CPU
		{92F43163-585F-4C15-87EE-CEF4463F9298}.Release|Any CPU.Build.0 = Release|Any CPU
		{60B40A8C-4E90-49CA-906C-020951D32386}.Debug|Any CPU.ActiveCfg = Debug|Any CPU
		{60B40A8C-4E90-49CA-906C-020951D32386}.Debug|Any CPU.Build.0 = Debug|Any CPU
		{60B40A8C-4E90-49CA-906C-020951D32386}.Release|Any CPU.ActiveCfg = Release|Any CPU
		{60B40A8C-4E90-49CA-906C-020951D32386}.Release|Any CPU.Build.0 = Release|Any CPU
	EndGlobalSection
	GlobalSection(SolutionProperties) = preSolution
		HideSolutionNode = FALSE
	EndGlobalSection
	GlobalSection(ExtensibilityGlobals) = postSolution
		SolutionGuid = {D6E1E493-F71E-44C3-A3C8-FBEE89A5564F}
	EndGlobalSection
EndGlobal
