
Microsoft Visual Studio Solution File, Format Version 12.00
# Visual Studio Version 17
VisualStudioVersion = 17.2.32616.157
MinimumVisualStudioVersion = 10.0.40219.1
Project("{FAE04EC0-301F-11D3-BF4B-00C04F79EFBC}") = "C_Ejercicio1_SergioGonzalezMerino", "C_Ejercicio1_SergioGonzalezMerino.csproj", "{A14D211C-F902-465C-BBDF-1D83C2D76342}"
EndProject
Global
	GlobalSection(SolutionConfigurationPlatforms) = preSolution
		Debug|Any CPU = Debug|Any CPU
		Release|Any CPU = Release|Any CPU
	EndGlobalSection
	GlobalSection(ProjectConfigurationPlatforms) = postSolution
		{A14D211C-F902-465C-BBDF-1D83C2D76342}.Debug|Any CPU.ActiveCfg = Debug|Any CPU
		{A14D211C-F902-465C-BBDF-1D83C2D76342}.Debug|Any CPU.Build.0 = Debug|Any CPU
		{A14D211C-F902-465C-BBDF-1D83C2D76342}.Release|Any CPU.ActiveCfg = Release|Any CPU
		{A14D211C-F902-465C-BBDF-1D83C2D76342}.Release|Any CPU.Build.0 = Release|Any CPU
	EndGlobalSection
	GlobalSection(SolutionProperties) = preSolution
		HideSolutionNode = FALSE
	EndGlobalSection
	GlobalSection(ExtensibilityGlobals) = postSolution
		SolutionGuid = {19F567CD-AFCB-4DE9-9276-432AF2892E06}
	EndGlobalSection
EndGlobal
